// !$*UTF8*$!
{
	archiveVersion = 1;
	classes = {
	};
	objectVersion = 50;
	objects = {

/* Begin PBXBuildFile section */
		B095A50725D87C2200B589D8 /* AppDelegate.swift in Sources */ = {isa = PBXBuildFile; fileRef = B095A50625D87C2200B589D8 /* AppDelegate.swift */; };
		B095A50925D87C2200B589D8 /* ViewController.swift in Sources */ = {isa = PBXBuildFile; fileRef = B095A50825D87C2200B589D8 /* ViewController.swift */; };
		B095A50B25D87C2400B589D8 /* Assets.xcassets in Resources */ = {isa = PBXBuildFile; fileRef = B095A50A25D87C2400B589D8 /* Assets.xcassets */; };
		B095A50E25D87C2400B589D8 /* Main.storyboard in Resources */ = {isa = PBXBuildFile; fileRef = B095A50C25D87C2400B589D8 /* Main.storyboard */; };
		B095A51E25D87C5200B589D8 /* FinderSync.swift in Sources */ = {isa = PBXBuildFile; fileRef = B095A51D25D87C5200B589D8 /* FinderSync.swift */; };
		B095A52325D87C5200B589D8 /* FinderExtension.appex in Embed App Extensions */ = {isa = PBXBuildFile; fileRef = B095A51B25D87C5200B589D8 /* FinderExtension.appex */; settings = {ATTRIBUTES = (RemoveHeadersOnCopy, ); }; };
/* End PBXBuildFile section */

/* Begin PBXContainerItemProxy section */
		B095A52125D87C5200B589D8 /* PBXContainerItemProxy */ = {
			isa = PBXContainerItemProxy;
			containerPortal = B095A4FB25D87C2200B589D8 /* Project object */;
			proxyType = 1;
			remoteGlobalIDString = B095A51A25D87C5200B589D8;
			remoteInfo = FinderExtension;
		};
/* End PBXContainerItemProxy section */

/* Begin PBXCopyFilesBuildPhase section */
		B095A52725D87C5200B589D8 /* Embed App Extensions */ = {
			isa = PBXCopyFilesBuildPhase;
			buildActionMask = 2147483647;
			dstPath = "";
			dstSubfolderSpec = 13;
			files = (
				B095A52325D87C5200B589D8 /* FinderExtension.appex in Embed App Extensions */,
			);
			name = "Embed App Extensions";
			runOnlyForDeploymentPostprocessing = 0;
		};
/* End PBXCopyFilesBuildPhase section */

/* Begin PBXFileReference section */
		B095A50325D87C2200B589D8 /* ApplicationsBadges.app */ = {isa = PBXFileReference; explicitFileType = wrapper.application; includeInIndex = 0; path = ApplicationsBadges.app; sourceTree = BUILT_PRODUCTS_DIR; };
		B095A50625D87C2200B589D8 /* AppDelegate.swift */ = {isa = PBXFileReference; lastKnownFileType = sourcecode.swift; path = AppDelegate.swift; sourceTree = "<group>"; };
		B095A50825D87C2200B589D8 /* ViewController.swift */ = {isa = PBXFileReference; lastKnownFileType = sourcecode.swift; path = ViewController.swift; sourceTree = "<group>"; };
		B095A50A25D87C2400B589D8 /* Assets.xcassets */ = {isa = PBXFileReference; lastKnownFileType = folder.assetcatalog; path = Assets.xcassets; sourceTree = "<group>"; };
		B095A50D25D87C2400B589D8 /* Base */ = {isa = PBXFileReference; lastKnownFileType = file.storyboard; name = Base; path = Base.lproj/Main.storyboard; sourceTree = "<group>"; };
		B095A50F25D87C2400B589D8 /* Info.plist */ = {isa = PBXFileReference; lastKnownFileType = text.plist.xml; path = Info.plist; sourceTree = "<group>"; };
		B095A51025D87C2400B589D8 /* ApplicationsBadges.entitlements */ = {isa = PBXFileReference; lastKnownFileType = text.plist.entitlements; path = ApplicationsBadges.entitlements; sourceTree = "<group>"; };
		B095A51B25D87C5200B589D8 /* FinderExtension.appex */ = {isa = PBXFileReference; explicitFileType = "wrapper.app-extension"; includeInIndex = 0; path = FinderExtension.appex; sourceTree = BUILT_PRODUCTS_DIR; };
		B095A51D25D87C5200B589D8 /* FinderSync.swift */ = {isa = PBXFileReference; lastKnownFileType = sourcecode.swift; path = FinderSync.swift; sourceTree = "<group>"; };
		B095A51F25D87C5200B589D8 /* Info.plist */ = {isa = PBXFileReference; lastKnownFileType = text.plist.xml; path = Info.plist; sourceTree = "<group>"; };
		B095A52025D87C5200B589D8 /* FinderExtension.entitlements */ = {isa = PBXFileReference; lastKnownFileType = text.plist.entitlements; path = FinderExtension.entitlements; sourceTree = "<group>"; };
/* End PBXFileReference section */

/* Begin PBXFrameworksBuildPhase section */
		B095A50025D87C2200B589D8 /* Frameworks */ = {
			isa = PBXFrameworksBuildPhase;
			buildActionMask = 2147483647;
			files = (
			);
			runOnlyForDeploymentPostprocessing = 0;
		};
		B095A51825D87C5200B589D8 /* Frameworks */ = {
			isa = PBXFrameworksBuildPhase;
			buildActionMask = 2147483647;
			files = (
			);
			runOnlyForDeploymentPostprocessing = 0;
		};
/* End PBXFrameworksBuildPhase section */

/* Begin PBXGroup section */
		B095A4FA25D87C2200B589D8 = {
			isa = PBXGroup;
			children = (
				B095A50525D87C2200B589D8 /* ApplicationsBadges */,
				B095A51C25D87C5200B589D8 /* FinderExtension */,
				B095A50425D87C2200B589D8 /* Products */,
			);
			sourceTree = "<group>";
		};
		B095A50425D87C2200B589D8 /* Products */ = {
			isa = PBXGroup;
			children = (
				B095A50325D87C2200B589D8 /* ApplicationsBadges.app */,
				B095A51B25D87C5200B589D8 /* FinderExtension.appex */,
			);
			name = Products;
			sourceTree = "<group>";
		};
		B095A50525D87C2200B589D8 /* ApplicationsBadges */ = {
			isa = PBXGroup;
			children = (
				B095A50625D87C2200B589D8 /* AppDelegate.swift */,
				B095A50825D87C2200B589D8 /* ViewController.swift */,
				B095A50A25D87C2400B589D8 /* Assets.xcassets */,
				B095A50C25D87C2400B589D8 /* Main.storyboard */,
				B095A50F25D87C2400B589D8 /* Info.plist */,
				B095A51025D87C2400B589D8 /* ApplicationsBadges.entitlements */,
			);
			path = ApplicationsBadges;
			sourceTree = "<group>";
		};
		B095A51C25D87C5200B589D8 /* FinderExtension */ = {
			isa = PBXGroup;
			children = (
				B095A51D25D87C5200B589D8 /* FinderSync.swift */,
				B095A51F25D87C5200B589D8 /* Info.plist */,
				B095A52025D87C5200B589D8 /* FinderExtension.entitlements */,
			);
			path = FinderExtension;
			sourceTree = "<group>";
		};
/* End PBXGroup section */

/* Begin PBXNativeTarget section */
		B095A50225D87C2200B589D8 /* ApplicationsBadges */ = {
			isa = PBXNativeTarget;
			buildConfigurationList = B095A51325D87C2400B589D8 /* Build configuration list for PBXNativeTarget "ApplicationsBadges" */;
			buildPhases = (
				B095A4FF25D87C2200B589D8 /* Sources */,
				B095A50025D87C2200B589D8 /* Frameworks */,
				B095A50125D87C2200B589D8 /* Resources */,
				B095A52725D87C5200B589D8 /* Embed App Extensions */,
			);
			buildRules = (
			);
			dependencies = (
				B095A52225D87C5200B589D8 /* PBXTargetDependency */,
			);
			name = ApplicationsBadges;
			productName = ApplicationsBadges;
			productReference = B095A50325D87C2200B589D8 /* ApplicationsBadges.app */;
			productType = "com.apple.product-type.application";
		};
		B095A51A25D87C5200B589D8 /* FinderExtension */ = {
			isa = PBXNativeTarget;
			buildConfigurationList = B095A52425D87C5200B589D8 /* Build configuration list for PBXNativeTarget "FinderExtension" */;
			buildPhases = (
				B095A51725D87C5200B589D8 /* Sources */,
				B095A51825D87C5200B589D8 /* Frameworks */,
				B095A51925D87C5200B589D8 /* Resources */,
			);
			buildRules = (
			);
			dependencies = (
			);
			name = FinderExtension;
			productName = FinderExtension;
			productReference = B095A51B25D87C5200B589D8 /* FinderExtension.appex */;
			productType = "com.apple.product-type.app-extension";
		};
/* End PBXNativeTarget section */

/* Begin PBXProject section */
		B095A4FB25D87C2200B589D8 /* Project object */ = {
			isa = PBXProject;
			attributes = {
				LastSwiftUpdateCheck = 1230;
				LastUpgradeCheck = 1230;
				TargetAttributes = {
					B095A50225D87C2200B589D8 = {
						CreatedOnToolsVersion = 12.3;
					};
					B095A51A25D87C5200B589D8 = {
						CreatedOnToolsVersion = 12.3;
					};
				};
			};
			buildConfigurationList = B095A4FE25D87C2200B589D8 /* Build configuration list for PBXProject "ApplicationsBadges" */;
			compatibilityVersion = "Xcode 9.3";
			developmentRegion = en;
			hasScannedForEncodings = 0;
			knownRegions = (
				en,
				Base,
			);
			mainGroup = B095A4FA25D87C2200B589D8;
			productRefGroup = B095A50425D87C2200B589D8 /* Products */;
			projectDirPath = "";
			projectRoot = "";
			targets = (
				B095A50225D87C2200B589D8 /* ApplicationsBadges */,
				B095A51A25D87C5200B589D8 /* FinderExtension */,
			);
		};
/* End PBXProject section */

/* Begin PBXResourcesBuildPhase section */
		B095A50125D87C2200B589D8 /* Resources */ = {
			isa = PBXResourcesBuildPhase;
			buildActionMask = 2147483647;
			files = (
				B095A50B25D87C2400B589D8 /* Assets.xcassets in Resources */,
				B095A50E25D87C2400B589D8 /* Main.storyboard in Resources */,
			);
			runOnlyForDeploymentPostprocessing = 0;
		};
		B095A51925D87C5200B589D8 /* Resources */ = {
			isa = PBXResourcesBuildPhase;
			buildActionMask = 2147483647;
			files = (
			);
			runOnlyForDeploymentPostprocessing = 0;
		};
/* End PBXResourcesBuildPhase section */

/* Begin PBXSourcesBuildPhase section */
		B095A4FF25D87C2200B589D8 /* Sources */ = {
			isa = PBXSourcesBuildPhase;
			buildActionMask = 2147483647;
			files = (
				B095A50925D87C2200B589D8 /* ViewController.swift in Sources */,
				B095A50725D87C2200B589D8 /* AppDelegate.swift in Sources */,
			);
			runOnlyForDeploymentPostprocessing = 0;
		};
		B095A51725D87C5200B589D8 /* Sources */ = {
			isa = PBXSourcesBuildPhase;
			buildActionMask = 2147483647;
			files = (
				B095A51E25D87C5200B589D8 /* FinderSync.swift in Sources */,
			);
			runOnlyForDeploymentPostprocessing = 0;
		};
/* End PBXSourcesBuildPhase section */

/* Begin PBXTargetDependency section */
		B095A52225D87C5200B589D8 /* PBXTargetDependency */ = {
			isa = PBXTargetDependency;
			target = B095A51A25D87C5200B589D8 /* FinderExtension */;
			targetProxy = B095A52125D87C5200B589D8 /* PBXContainerItemProxy */;
		};
/* End PBXTargetDependency section */

/* Begin PBXVariantGroup section */
		B095A50C25D87C2400B589D8 /* Main.storyboard */ = {
			isa = PBXVariantGroup;
			children = (
				B095A50D25D87C2400B589D8 /* Base */,
			);
			name = Main.storyboard;
			sourceTree = "<group>";
		};
/* End PBXVariantGroup section */

/* Begin XCBuildConfiguration section */
		B095A51125D87C2400B589D8 /* Debug */ = {
			isa = XCBuildConfiguration;
			buildSettings = {
				ALWAYS_SEARCH_USER_PATHS = NO;
				CLANG_ANALYZER_NONNULL = YES;
				CLANG_ANALYZER_NUMBER_OBJECT_CONVERSION = YES_AGGRESSIVE;
				CLANG_CXX_LANGUAGE_STANDARD = "gnu++14";
				CLANG_CXX_LIBRARY = "libc++";
				CLANG_ENABLE_MODULES = YES;
				CLANG_ENABLE_OBJC_ARC = YES;
				CLANG_ENABLE_OBJC_WEAK = YES;
				CLANG_WARN_BLOCK_CAPTURE_AUTORELEASING = YES;
				CLANG_WARN_BOOL_CONVERSION = YES;
				CLANG_WARN_COMMA = YES;
				CLANG_WARN_CONSTANT_CONVERSION = YES;
				CLANG_WARN_DEPRECATED_OBJC_IMPLEMENTATIONS = YES;
				CLANG_WARN_DIRECT_OBJC_ISA_USAGE = YES_ERROR;
				CLANG_WARN_DOCUMENTATION_COMMENTS = YES;
				CLANG_WARN_EMPTY_BODY = YES;
				CLANG_WARN_ENUM_CONVERSION = YES;
				CLANG_WARN_INFINITE_RECURSION = YES;
				CLANG_WARN_INT_CONVERSION = YES;
				CLANG_WARN_NON_LITERAL_NULL_CONVERSION = YES;
				CLANG_WARN_OBJC_IMPLICIT_RETAIN_SELF = YES;
				CLANG_WARN_OBJC_LITERAL_CONVERSION = YES;
				CLANG_WARN_OBJC_ROOT_CLASS = YES_ERROR;
				CLANG_WARN_QUOTED_INCLUDE_IN_FRAMEWORK_HEADER = YES;
				CLANG_WARN_RANGE_LOOP_ANALYSIS = YES;
				CLANG_WARN_STRICT_PROTOTYPES = YES;
				CLANG_WARN_SUSPICIOUS_MOVE = YES;
				CLANG_WARN_UNGUARDED_AVAILABILITY = YES_AGGRESSIVE;
				CLANG_WARN_UNREACHABLE_CODE = YES;
				CLANG_WARN__DUPLICATE_METHOD_MATCH = YES;
				COPY_PHASE_STRIP = NO;
				DEBUG_INFORMATION_FORMAT = dwarf;
				ENABLE_STRICT_OBJC_MSGSEND = YES;
				ENABLE_TESTABILITY = YES;
				GCC_C_LANGUAGE_STANDARD = gnu11;
				GCC_DYNAMIC_NO_PIC = NO;
				GCC_NO_COMMON_BLOCKS = YES;
				GCC_OPTIMIZATION_LEVEL = 0;
				GCC_PREPROCESSOR_DEFINITIONS = (
					"DEBUG=1",
					"$(inherited)",
				);
				GCC_WARN_64_TO_32_BIT_CONVERSION = YES;
				GCC_WARN_ABOUT_RETURN_TYPE = YES_ERROR;
				GCC_WARN_UNDECLARED_SELECTOR = YES;
				GCC_WARN_UNINITIALIZED_AUTOS = YES_AGGRESSIVE;
				GCC_WARN_UNUSED_FUNCTION = YES;
				GCC_WARN_UNUSED_VARIABLE = YES;
				MACOSX_DEPLOYMENT_TARGET = 11.1;
				MTL_ENABLE_DEBUG_INFO = INCLUDE_SOURCE;
				MTL_FAST_MATH = YES;
				ONLY_ACTIVE_ARCH = YES;
				SDKROOT = macosx;
				SWIFT_ACTIVE_COMPILATION_CONDITIONS = DEBUG;
				SWIFT_OPTIMIZATION_LEVEL = "-Onone";
			};
			name = Debug;
		};
		B095A51225D87C2400B589D8 /* Release */ = {
			isa = XCBuildConfiguration;
			buildSettings = {
				ALWAYS_SEARCH_USER_PATHS = NO;
				CLANG_ANALYZER_NONNULL = YES;
				CLANG_ANALYZER_NUMBER_OBJECT_CONVERSION = YES_AGGRESSIVE;
				CLANG_CXX_LANGUAGE_STANDARD = "gnu++14";
				CLANG_CXX_LIBRARY = "libc++";
				CLANG_ENABLE_MODULES = YES;
				CLANG_ENABLE_OBJC_ARC = YES;
				CLANG_ENABLE_OBJC_WEAK = YES;
				CLANG_WARN_BLOCK_CAPTURE_AUTORELEASING = YES;
				CLANG_WARN_BOOL_CONVERSION = YES;
				CLANG_WARN_COMMA = YES;
				CLANG_WARN_CONSTANT_CONVERSION = YES;
				CLANG_WARN_DEPRECATED_OBJC_IMPLEMENTATIONS = YES;
				CLANG_WARN_DIRECT_OBJC_ISA_USAGE = YES_ERROR;
				CLANG_WARN_DOCUMENTATION_COMMENTS = YES;
				CLANG_WARN_EMPTY_BODY = YES;
				CLANG_WARN_ENUM_CONVERSION = YES;
				CLANG_WARN_INFINITE_RECURSION = YES;
				CLANG_WARN_INT_CONVERSION = YES;
				CLANG_WARN_NON_LITERAL_NULL_CONVERSION = YES;
				CLANG_WARN_OBJC_IMPLICIT_RETAIN_SELF = YES;
				CLANG_WARN_OBJC_LITERAL_CONVERSION = YES;
				CLANG_WARN_OBJC_ROOT_CLASS = YES_ERROR;
				CLANG_WARN_QUOTED_INCLUDE_IN_FRAMEWORK_HEADER = YES;
				CLANG_WARN_RANGE_LOOP_ANALYSIS = YES;
				CLANG_WARN_STRICT_PROTOTYPES = YES;
				CLANG_WARN_SUSPICIOUS_MOVE = YES;
				CLANG_WARN_UNGUARDED_AVAILABILITY = YES_AGGRESSIVE;
				CLANG_WARN_UNREACHABLE_CODE = YES;
				CLANG_WARN__DUPLICATE_METHOD_MATCH = YES;
				COPY_PHASE_STRIP = NO;
				DEBUG_INFORMATION_FORMAT = "dwarf-with-dsym";
				ENABLE_NS_ASSERTIONS = NO;
				ENABLE_STRICT_OBJC_MSGSEND = YES;
				GCC_C_LANGUAGE_STANDARD = gnu11;
				GCC_NO_COMMON_BLOCKS = YES;
				GCC_WARN_64_TO_32_BIT_CONVERSION = YES;
				GCC_WARN_ABOUT_RETURN_TYPE = YES_ERROR;
				GCC_WARN_UNDECLARED_SELECTOR = YES;
				GCC_WARN_UNINITIALIZED_AUTOS = YES_AGGRESSIVE;
				GCC_WARN_UNUSED_FUNCTION = YES;
				GCC_WARN_UNUSED_VARIABLE = YES;
				MACOSX_DEPLOYMENT_TARGET = 11.1;
				MTL_ENABLE_DEBUG_INFO = NO;
				MTL_FAST_MATH = YES;
				SDKROOT = macosx;
				SWIFT_COMPILATION_MODE = wholemodule;
				SWIFT_OPTIMIZATION_LEVEL = "-O";
			};
			name = Release;
		};
		B095A51425D87C2400B589D8 /* Debug */ = {
			isa = XCBuildConfiguration;
			buildSettings = {
				ALWAYS_EMBED_SWIFT_STANDARD_LIBRARIES = YES;
				ASSETCATALOG_COMPILER_APPICON_NAME = AppIcon;
				ASSETCATALOG_COMPILER_GLOBAL_ACCENT_COLOR_NAME = AccentColor;
				CODE_SIGN_ENTITLEMENTS = ApplicationsBadges/ApplicationsBadges.entitlements;
				CODE_SIGN_STYLE = Automatic;
				COMBINE_HIDPI_IMAGES = YES;
				DEVELOPMENT_TEAM = 2ZS8T6NYB8;
				ENABLE_HARDENED_RUNTIME = YES;
				INFOPLIST_FILE = ApplicationsBadges/Info.plist;
				LD_RUNPATH_SEARCH_PATHS = (
					"$(inherited)",
					"@executable_path/../Frameworks",
				);
				PRODUCT_BUNDLE_IDENTIFIER = com.beyondtrust.ApplicationsBadges;
				PRODUCT_NAME = "$(TARGET_NAME)";
				SWIFT_VERSION = 5.0;
			};
			name = Debug;
		};
		B095A51525D87C2400B589D8 /* Release */ = {
			isa = XCBuildConfiguration;
			buildSettings = {
				ALWAYS_EMBED_SWIFT_STANDARD_LIBRARIES = YES;
				ASSETCATALOG_COMPILER_APPICON_NAME = AppIcon;
				ASSETCATALOG_COMPILER_GLOBAL_ACCENT_COLOR_NAME = AccentColor;
				CODE_SIGN_ENTITLEMENTS = ApplicationsBadges/ApplicationsBadges.entitlements;
				CODE_SIGN_STYLE = Automatic;
				COMBINE_HIDPI_IMAGES = YES;
				DEVELOPMENT_TEAM = 2ZS8T6NYB8;
				ENABLE_HARDENED_RUNTIME = YES;
				INFOPLIST_FILE = ApplicationsBadges/Info.plist;
				LD_RUNPATH_SEARCH_PATHS = (
					"$(inherited)",
					"@executable_path/../Frameworks",
				);
				PRODUCT_BUNDLE_IDENTIFIER = com.beyondtrust.ApplicationsBadges;
				PRODUCT_NAME = "$(TARGET_NAME)";
				SWIFT_VERSION = 5.0;
			};
			name = Release;
		};
		B095A52525D87C5200B589D8 /* Debug */ = {
			isa = XCBuildConfiguration;
			buildSettings = {
				CODE_SIGN_ENTITLEMENTS = FinderExtension/FinderExtension.entitlements;
				CODE_SIGN_STYLE = Automatic;
				COMBINE_HIDPI_IMAGES = YES;
				DEVELOPMENT_TEAM = 2ZS8T6NYB8;
				ENABLE_HARDENED_RUNTIME = YES;
				INFOPLIST_FILE = FinderExtension/Info.plist;
				LD_RUNPATH_SEARCH_PATHS = (
					"$(inherited)",
					"@executable_path/../Frameworks",
					"@executable_path/../../../../Frameworks",
				);
				PRODUCT_BUNDLE_IDENTIFIER = com.beyondtrust.ApplicationsBadges.FinderExtension;
				PRODUCT_NAME = "$(TARGET_NAME)";
				SKIP_INSTALL = YES;
				SWIFT_VERSION = 5.0;
			};
			name = Debug;
		};
		B095A52625D87C5200B589D8 /* Release */ = {
			isa = XCBuildConfiguration;
			buildSettings = {
				CODE_SIGN_ENTITLEMENTS = FinderExtension/FinderExtension.entitlements;
				CODE_SIGN_STYLE = Automatic;
				COMBINE_HIDPI_IMAGES = YES;
				DEVELOPMENT_TEAM = 2ZS8T6NYB8;
				ENABLE_HARDENED_RUNTIME = YES;
				INFOPLIST_FILE = FinderExtension/Info.plist;
				LD_RUNPATH_SEARCH_PATHS = (
					"$(inherited)",
					"@executable_path/../Frameworks",
					"@executable_path/../../../../Frameworks",
				);
				PRODUCT_BUNDLE_IDENTIFIER = com.beyondtrust.ApplicationsBadges.FinderExtension;
				PRODUCT_NAME = "$(TARGET_NAME)";
				SKIP_INSTALL = YES;
				SWIFT_VERSION = 5.0;
			};
			name = Release;
		};
/* End XCBuildConfiguration section */

/* Begin XCConfigurationList section */
		B095A4FE25D87C2200B589D8 /* Build configuration list for PBXProject "ApplicationsBadges" */ = {
			isa = XCConfigurationList;
			buildConfigurations = (
				B095A51125D87C2400B589D8 /* Debug */,
				B095A51225D87C2400B589D8 /* Release */,
			);
			defaultConfigurationIsVisible = 0;
			defaultConfigurationName = Release;
		};
		B095A51325D87C2400B589D8 /* Build configuration list for PBXNativeTarget "ApplicationsBadges" */ = {
			isa = XCConfigurationList;
			buildConfigurations = (
				B095A51425D87C2400B589D8 /* Debug */,
				B095A51525D87C2400B589D8 /* Release */,
			);
			defaultConfigurationIsVisible = 0;
			defaultConfigurationName = Release;
		};
		B095A52425D87C5200B589D8 /* Build configuration list for PBXNativeTarget "FinderExtension" */ = {
			isa = XCConfigurationList;
			buildConfigurations = (
				B095A52525D87C5200B589D8 /* Debug */,
				B095A52625D87C5200B589D8 /* Release */,
			);
			defaultConfigurationIsVisible = 0;
			defaultConfigurationName = Release;
		};
/* End XCConfigurationList section */
	};
	rootObject = B095A4FB25D87C2200B589D8 /* Project object */;
}
